<?xml version="1.0" encoding="UTF-8" standalone="yes" ?>
<CodeBlocks_project_file>
   <FileVersion major="1" minor="6" />
   <Project>
      <Option title="ActuatorPlugin" />
      <Option makefile_is_custom="1" />
      <Option compiler="gcc" />
      <Option virtualFolders="CMake Files\;CMake Files\..\;CMake Files\..\..\;CMake Files\..\..\..\;CMake Files\..\..\..\..\;CMake Files\..\..\..\..\..\;CMake Files\..\..\..\..\..\..\;CMake Files\..\..\..\..\..\..\..\;CMake Files\..\..\..\..\..\..\..\usr\;CMake Files\..\..\..\..\..\..\..\usr\lib\;CMake Files\..\..\..\..\..\..\..\usr\lib\x86_64-linux-gnu\;CMake Files\..\..\..\..\..\..\..\usr\lib\x86_64-linux-gnu\cmake\;CMake Files\..\..\..\..\..\..\..\usr\lib\x86_64-linux-gnu\cmake\gazebo\;CMake Files\..\..\..\..\..\..\..\usr\lib\x86_64-linux-gnu\cmake\simbody\;CMake Files\..\..\..\..\..\..\..\usr\lib\x86_64-linux-gnu\cmake\sdformat\;CMake Files\..\..\..\..\..\..\..\usr\lib\x86_64-linux-gnu\cmake\ignition-math4\;CMake Files\..\..\..\..\..\..\..\usr\lib\x86_64-linux-gnu\cmake\ignition-cmake0\;CMake Files\..\..\..\..\..\..\..\usr\lib\x86_64-linux-gnu\cmake\ignition-cmake0\cmake0\;CMake Files\..\..\..\..\..\..\..\usr\lib\x86_64-linux-gnu\cmake\ignition-transport4\;CMake Files\..\..\..\..\..\..\..\usr\lib\x86_64-linux-gnu\cmake\ignition-msgs1\;CMake Files\..\..\..\..\..\..\..\usr\lib\x86_64-linux-gnu\cmake\ignition-common1\;CMake Files\..\..\..\..\..\..\..\usr\lib\x86_64-linux-gnu\cmake\ignition-fuel_tools1\;CMake Files\..\..\..\..\..\..\..\usr\lib\x86_64-linux-gnu\cmake\jsoncpp\;CMake Files\..\..\..\..\..\..\..\usr\share\;CMake Files\..\..\..\..\..\..\..\usr\share\OGRE\;CMake Files\..\..\..\..\..\..\..\usr\share\OGRE\cmake\;CMake Files\..\..\..\..\..\..\..\usr\share\OGRE\cmake\modules\;" />
      <Build>
      <Target title="all">
         <Option working_dir="/home/vez/Desktop/masterarbeit/git/plugins/build-ActuatorPlugin" />
         <Option type="4" />
         <MakeCommands>
            <Build command="/usr/bin/make -f &quot;/home/vez/Desktop/masterarbeit/git/plugins/build-ActuatorPlugin/Makefile&quot;  VERBOSE=1 all" />
            <CompileFile command="/usr/bin/make -f &quot;/home/vez/Desktop/masterarbeit/git/plugins/build-ActuatorPlugin/Makefile&quot;  VERBOSE=1 &quot;$file&quot;" />
            <Clean command="/usr/bin/make -f &quot;/home/vez/Desktop/masterarbeit/git/plugins/build-ActuatorPlugin/Makefile&quot;  VERBOSE=1 clean" />
            <DistClean command="/usr/bin/make -f &quot;/home/vez/Desktop/masterarbeit/git/plugins/build-ActuatorPlugin/Makefile&quot;  VERBOSE=1 clean" />
         </MakeCommands>
      </Target>
      <Target title="edit_cache">
         <Option working_dir="/home/vez/Desktop/masterarbeit/git/plugins/build-ActuatorPlugin" />
         <Option type="4" />
         <MakeCommands>
            <Build command="/usr/bin/make -f &quot;/home/vez/Desktop/masterarbeit/git/plugins/build-ActuatorPlugin/Makefile&quot;  VERBOSE=1 edit_cache" />
            <CompileFile command="/usr/bin/make -f &quot;/home/vez/Desktop/masterarbeit/git/plugins/build-ActuatorPlugin/Makefile&quot;  VERBOSE=1 &quot;$file&quot;" />
            <Clean command="/usr/bin/make -f &quot;/home/vez/Desktop/masterarbeit/git/plugins/build-ActuatorPlugin/Makefile&quot;  VERBOSE=1 clean" />
            <DistClean command="/usr/bin/make -f &quot;/home/vez/Desktop/masterarbeit/git/plugins/build-ActuatorPlugin/Makefile&quot;  VERBOSE=1 clean" />
         </MakeCommands>
      </Target>
      <Target title="rebuild_cache">
         <Option working_dir="/home/vez/Desktop/masterarbeit/git/plugins/build-ActuatorPlugin" />
         <Option type="4" />
         <MakeCommands>
            <Build command="/usr/bin/make -f &quot;/home/vez/Desktop/masterarbeit/git/plugins/build-ActuatorPlugin/Makefile&quot;  VERBOSE=1 rebuild_cache" />
            <CompileFile command="/usr/bin/make -f &quot;/home/vez/Desktop/masterarbeit/git/plugins/build-ActuatorPlugin/Makefile&quot;  VERBOSE=1 &quot;$file&quot;" />
            <Clean command="/usr/bin/make -f &quot;/home/vez/Desktop/masterarbeit/git/plugins/build-ActuatorPlugin/Makefile&quot;  VERBOSE=1 clean" />
            <DistClean command="/usr/bin/make -f &quot;/home/vez/Desktop/masterarbeit/git/plugins/build-ActuatorPlugin/Makefile&quot;  VERBOSE=1 clean" />
         </MakeCommands>
      </Target>
      <Target title="CCrawler">
         <Option output="/home/vez/Desktop/masterarbeit/git/plugins/build-ActuatorPlugin/libCCrawler.so" prefix_auto="0" extension_auto="0" />
         <Option working_dir="/home/vez/Desktop/masterarbeit/git/plugins/build-ActuatorPlugin" />
         <Option object_output="./" />
         <Option type="3" />
         <Option compiler="gcc" />
         <Compiler>
            <Add option="-DLIBBULLET_VERSION=2.83" />
            <Add option="-DLIBBULLET_VERSION_GT_282" />
            <Add directory="/usr/include" />
            <Add directory="/usr/include/OGRE" />
            <Add directory="/usr/include/OGRE/Paging" />
            <Add directory="/usr/include/OGRE/Terrain" />
            <Add directory="/usr/include/bullet" />
            <Add directory="/usr/include/c++/5" />
            <Add directory="/usr/include/c++/5/backward" />
            <Add directory="/usr/include/gazebo-9" />
            <Add directory="/usr/include/ignition/common1" />
            <Add directory="/usr/include/ignition/fuel_tools1" />
            <Add directory="/usr/include/ignition/math4" />
            <Add directory="/usr/include/ignition/msgs1" />
            <Add directory="/usr/include/ignition/transport4" />
            <Add directory="/usr/include/sdformat-6.0" />
            <Add directory="/usr/include/simbody" />
            <Add directory="/usr/include/uuid" />
            <Add directory="/usr/include/x86_64-linux-gnu" />
            <Add directory="/usr/include/x86_64-linux-gnu/c++/5" />
            <Add directory="/usr/lib/gcc/x86_64-linux-gnu/5/include" />
            <Add directory="/usr/lib/gcc/x86_64-linux-gnu/5/include-fixed" />
            <Add directory="/usr/local/include" />
         </Compiler>
         <MakeCommands>
            <Build command="/usr/bin/make -f &quot;/home/vez/Desktop/masterarbeit/git/plugins/build-ActuatorPlugin/Makefile&quot;  VERBOSE=1 CCrawler" />
            <CompileFile command="/usr/bin/make -f &quot;/home/vez/Desktop/masterarbeit/git/plugins/build-ActuatorPlugin/Makefile&quot;  VERBOSE=1 &quot;$file&quot;" />
            <Clean command="/usr/bin/make -f &quot;/home/vez/Desktop/masterarbeit/git/plugins/build-ActuatorPlugin/Makefile&quot;  VERBOSE=1 clean" />
            <DistClean command="/usr/bin/make -f &quot;/home/vez/Desktop/masterarbeit/git/plugins/build-ActuatorPlugin/Makefile&quot;  VERBOSE=1 clean" />
         </MakeCommands>
      </Target>
      <Target title="CCrawler/fast">
         <Option output="/home/vez/Desktop/masterarbeit/git/plugins/build-ActuatorPlugin/libCCrawler.so" prefix_auto="0" extension_auto="0" />
         <Option working_dir="/home/vez/Desktop/masterarbeit/git/plugins/build-ActuatorPlugin" />
         <Option object_output="./" />
         <Option type="3" />
         <Option compiler="gcc" />
         <Compiler>
            <Add option="-DLIBBULLET_VERSION=2.83" />
            <Add option="-DLIBBULLET_VERSION_GT_282" />
            <Add directory="/usr/include" />
            <Add directory="/usr/include/OGRE" />
            <Add directory="/usr/include/OGRE/Paging" />
            <Add directory="/usr/include/OGRE/Terrain" />
            <Add directory="/usr/include/bullet" />
            <Add directory="/usr/include/c++/5" />
            <Add directory="/usr/include/c++/5/backward" />
            <Add directory="/usr/include/gazebo-9" />
            <Add directory="/usr/include/ignition/common1" />
            <Add directory="/usr/include/ignition/fuel_tools1" />
            <Add directory="/usr/include/ignition/math4" />
            <Add directory="/usr/include/ignition/msgs1" />
            <Add directory="/usr/include/ignition/transport4" />
            <Add directory="/usr/include/sdformat-6.0" />
            <Add directory="/usr/include/simbody" />
            <Add directory="/usr/include/uuid" />
            <Add directory="/usr/include/x86_64-linux-gnu" />
            <Add directory="/usr/include/x86_64-linux-gnu/c++/5" />
            <Add directory="/usr/lib/gcc/x86_64-linux-gnu/5/include" />
            <Add directory="/usr/lib/gcc/x86_64-linux-gnu/5/include-fixed" />
            <Add directory="/usr/local/include" />
         </Compiler>
         <MakeCommands>
            <Build command="/usr/bin/make -f &quot;/home/vez/Desktop/masterarbeit/git/plugins/build-ActuatorPlugin/Makefile&quot;  VERBOSE=1 CCrawler/fast" />
            <CompileFile command="/usr/bin/make -f &quot;/home/vez/Desktop/masterarbeit/git/plugins/build-ActuatorPlugin/Makefile&quot;  VERBOSE=1 &quot;$file&quot;" />
            <Clean command="/usr/bin/make -f &quot;/home/vez/Desktop/masterarbeit/git/plugins/build-ActuatorPlugin/Makefile&quot;  VERBOSE=1 clean" />
            <DistClean command="/usr/bin/make -f &quot;/home/vez/Desktop/masterarbeit/git/plugins/build-ActuatorPlugin/Makefile&quot;  VERBOSE=1 clean" />
         </MakeCommands>
      </Target>
      </Build>
      <Unit filename="/home/vez/Desktop/masterarbeit/git/plugins/ActuatorPlugin/CCrawler.cpp">
         <Option target="CCrawler"/>
      </Unit>
      <Unit filename="/home/vez/Desktop/masterarbeit/git/plugins/ActuatorPlugin/CCrawler.h">
         <Option target="CCrawler"/>
      </Unit>
      <Unit filename="/home/vez/Desktop/masterarbeit/git/plugins/ActuatorPlugin/CMakeLists.txt">
          <Option virtualFolder="CMake Files\" />
      </Unit>
      <Unit filename="/home/vez/Desktop/masterarbeit/git/plugins/ActuatorPlugin/../../../../../../../usr/lib/x86_64-linux-gnu/cmake/gazebo/gazebo-config-version.cmake">
          <Option virtualFolder="CMake Files\..\..\..\..\..\..\..\usr\lib\x86_64-linux-gnu\cmake\gazebo\" />
      </Unit>
      <Unit filename="/home/vez/Desktop/masterarbeit/git/plugins/ActuatorPlugin/../../../../../../../usr/lib/x86_64-linux-gnu/cmake/gazebo/gazebo-config.cmake">
          <Option virtualFolder="CMake Files\..\..\..\..\..\..\..\usr\lib\x86_64-linux-gnu\cmake\gazebo\" />
      </Unit>
      <Unit filename="/home/vez/Desktop/masterarbeit/git/plugins/ActuatorPlugin/../../../../../../../usr/lib/x86_64-linux-gnu/cmake/simbody/SimbodyConfigVersion.cmake">
          <Option virtualFolder="CMake Files\..\..\..\..\..\..\..\usr\lib\x86_64-linux-gnu\cmake\simbody\" />
      </Unit>
      <Unit filename="/home/vez/Desktop/masterarbeit/git/plugins/ActuatorPlugin/../../../../../../../usr/lib/x86_64-linux-gnu/cmake/simbody/SimbodyConfig.cmake">
          <Option virtualFolder="CMake Files\..\..\..\..\..\..\..\usr\lib\x86_64-linux-gnu\cmake\simbody\" />
      </Unit>
      <Unit filename="/home/vez/Desktop/masterarbeit/git/plugins/ActuatorPlugin/../../../../../../../usr/lib/x86_64-linux-gnu/cmake/sdformat/SDFormatConfigVersion.cmake">
          <Option virtualFolder="CMake Files\..\..\..\..\..\..\..\usr\lib\x86_64-linux-gnu\cmake\sdformat\" />
      </Unit>
      <Unit filename="/home/vez/Desktop/masterarbeit/git/plugins/ActuatorPlugin/../../../../../../../usr/lib/x86_64-linux-gnu/cmake/sdformat/SDFormatConfig.cmake">
          <Option virtualFolder="CMake Files\..\..\..\..\..\..\..\usr\lib\x86_64-linux-gnu\cmake\sdformat\" />
      </Unit>
      <Unit filename="/home/vez/Desktop/masterarbeit/git/plugins/ActuatorPlugin/../../../../../../../usr/lib/x86_64-linux-gnu/cmake/ignition-math4/ignition-math4-config-version.cmake">
          <Option virtualFolder="CMake Files\..\..\..\..\..\..\..\usr\lib\x86_64-linux-gnu\cmake\ignition-math4\" />
      </Unit>
      <Unit filename="/home/vez/Desktop/masterarbeit/git/plugins/ActuatorPlugin/../../../../../../../usr/lib/x86_64-linux-gnu/cmake/ignition-math4/ignition-math4-config.cmake">
          <Option virtualFolder="CMake Files\..\..\..\..\..\..\..\usr\lib\x86_64-linux-gnu\cmake\ignition-math4\" />
      </Unit>
      <Unit filename="/home/vez/Desktop/masterarbeit/git/plugins/ActuatorPlugin/../../../../../../../usr/lib/x86_64-linux-gnu/cmake/ignition-math4/ignition-math4-targets.cmake">
          <Option virtualFolder="CMake Files\..\..\..\..\..\..\..\usr\lib\x86_64-linux-gnu\cmake\ignition-math4\" />
      </Unit>
      <Unit filename="/home/vez/Desktop/masterarbeit/git/plugins/ActuatorPlugin/../../../../../../../usr/lib/x86_64-linux-gnu/cmake/ignition-math4/ignition-math4-targets-relwithdebinfo.cmake">
          <Option virtualFolder="CMake Files\..\..\..\..\..\..\..\usr\lib\x86_64-linux-gnu\cmake\ignition-math4\" />
      </Unit>
      <Unit filename="/home/vez/Desktop/masterarbeit/git/plugins/ActuatorPlugin/../../../../../../../usr/lib/x86_64-linux-gnu/cmake/ignition-math4/ignition-math4-config-version.cmake">
          <Option virtualFolder="CMake Files\..\..\..\..\..\..\..\usr\lib\x86_64-linux-gnu\cmake\ignition-math4\" />
      </Unit>
      <Unit filename="/home/vez/Desktop/masterarbeit/git/plugins/ActuatorPlugin/../../../../../../../usr/lib/x86_64-linux-gnu/cmake/ignition-math4/ignition-math4-config.cmake">
          <Option virtualFolder="CMake Files\..\..\..\..\..\..\..\usr\lib\x86_64-linux-gnu\cmake\ignition-math4\" />
      </Unit>
      <Unit filename="/home/vez/Desktop/masterarbeit/git/plugins/ActuatorPlugin/../../../../../../../usr/lib/x86_64-linux-gnu/cmake/ignition-cmake0/ignition-cmake0-config-version.cmake">
          <Option virtualFolder="CMake Files\..\..\..\..\..\..\..\usr\lib\x86_64-linux-gnu\cmake\ignition-cmake0\" />
      </Unit>
      <Unit filename="/home/vez/Desktop/masterarbeit/git/plugins/ActuatorPlugin/../../../../../../../usr/lib/x86_64-linux-gnu/cmake/ignition-cmake0/ignition-cmake0-config.cmake">
          <Option virtualFolder="CMake Files\..\..\..\..\..\..\..\usr\lib\x86_64-linux-gnu\cmake\ignition-cmake0\" />
      </Unit>
      <Unit filename="/home/vez/Desktop/masterarbeit/git/plugins/ActuatorPlugin/../../../../../../../usr/lib/x86_64-linux-gnu/cmake/ignition-cmake0/cmake0/IgnCMake.cmake">
          <Option virtualFolder="CMake Files\..\..\..\..\..\..\..\usr\lib\x86_64-linux-gnu\cmake\ignition-cmake0\cmake0\" />
      </Unit>
      <Unit filename="/home/vez/Desktop/masterarbeit/git/plugins/ActuatorPlugin/../../../../../../../usr/lib/x86_64-linux-gnu/cmake/ignition-cmake0/cmake0/IgnUtils.cmake">
          <Option virtualFolder="CMake Files\..\..\..\..\..\..\..\usr\lib\x86_64-linux-gnu\cmake\ignition-cmake0\cmake0\" />
      </Unit>
      <Unit filename="/home/vez/Desktop/masterarbeit/git/plugins/ActuatorPlugin/../../../../../../../usr/lib/x86_64-linux-gnu/cmake/ignition-cmake0/cmake0/IgnConfigureProject.cmake">
          <Option virtualFolder="CMake Files\..\..\..\..\..\..\..\usr\lib\x86_64-linux-gnu\cmake\ignition-cmake0\cmake0\" />
      </Unit>
      <Unit filename="/home/vez/Desktop/masterarbeit/git/plugins/ActuatorPlugin/../../../../../../../usr/lib/x86_64-linux-gnu/cmake/ignition-cmake0/cmake0/IgnPackaging.cmake">
          <Option virtualFolder="CMake Files\..\..\..\..\..\..\..\usr\lib\x86_64-linux-gnu\cmake\ignition-cmake0\cmake0\" />
      </Unit>
      <Unit filename="/home/vez/Desktop/masterarbeit/git/plugins/ActuatorPlugin/../../../../../../../usr/lib/x86_64-linux-gnu/cmake/ignition-cmake0/cmake0/IgnCreateDocs.cmake">
          <Option virtualFolder="CMake Files\..\..\..\..\..\..\..\usr\lib\x86_64-linux-gnu\cmake\ignition-cmake0\cmake0\" />
      </Unit>
      <Unit filename="/home/vez/Desktop/masterarbeit/git/plugins/ActuatorPlugin/../../../../../../../usr/lib/x86_64-linux-gnu/cmake/ignition-cmake0/cmake0/IgnSetCompilerFlags.cmake">
          <Option virtualFolder="CMake Files\..\..\..\..\..\..\..\usr\lib\x86_64-linux-gnu\cmake\ignition-cmake0\cmake0\" />
      </Unit>
      <Unit filename="/home/vez/Desktop/masterarbeit/git/plugins/ActuatorPlugin/../../../../../../../usr/lib/x86_64-linux-gnu/cmake/ignition-cmake0/cmake0/IgnConfigureBuild.cmake">
          <Option virtualFolder="CMake Files\..\..\..\..\..\..\..\usr\lib\x86_64-linux-gnu\cmake\ignition-cmake0\cmake0\" />
      </Unit>
      <Unit filename="/home/vez/Desktop/masterarbeit/git/plugins/ActuatorPlugin/../../../../../../../usr/lib/x86_64-linux-gnu/cmake/ignition-cmake0/cmake0/FindIgnProtobuf.cmake">
          <Option virtualFolder="CMake Files\..\..\..\..\..\..\..\usr\lib\x86_64-linux-gnu\cmake\ignition-cmake0\cmake0\" />
      </Unit>
      <Unit filename="/home/vez/Desktop/masterarbeit/git/plugins/ActuatorPlugin/../../../../../../../usr/lib/x86_64-linux-gnu/cmake/ignition-cmake0/cmake0/IgnImportTarget.cmake">
          <Option virtualFolder="CMake Files\..\..\..\..\..\..\..\usr\lib\x86_64-linux-gnu\cmake\ignition-cmake0\cmake0\" />
      </Unit>
      <Unit filename="/home/vez/Desktop/masterarbeit/git/plugins/ActuatorPlugin/../../../../../../../usr/lib/x86_64-linux-gnu/cmake/ignition-cmake0/cmake0/IgnPkgConfig.cmake">
          <Option virtualFolder="CMake Files\..\..\..\..\..\..\..\usr\lib\x86_64-linux-gnu\cmake\ignition-cmake0\cmake0\" />
      </Unit>
      <Unit filename="/home/vez/Desktop/masterarbeit/git/plugins/ActuatorPlugin/../../../../../../../usr/lib/x86_64-linux-gnu/cmake/ignition-cmake0/cmake0/FindZeroMQ.cmake">
          <Option virtualFolder="CMake Files\..\..\..\..\..\..\..\usr\lib\x86_64-linux-gnu\cmake\ignition-cmake0\cmake0\" />
      </Unit>
      <Unit filename="/home/vez/Desktop/masterarbeit/git/plugins/ActuatorPlugin/../../../../../../../usr/lib/x86_64-linux-gnu/cmake/ignition-cmake0/cmake0/IgnPkgConfig.cmake">
          <Option virtualFolder="CMake Files\..\..\..\..\..\..\..\usr\lib\x86_64-linux-gnu\cmake\ignition-cmake0\cmake0\" />
      </Unit>
      <Unit filename="/home/vez/Desktop/masterarbeit/git/plugins/ActuatorPlugin/../../../../../../../usr/lib/x86_64-linux-gnu/cmake/ignition-cmake0/cmake0/IgnImportTarget.cmake">
          <Option virtualFolder="CMake Files\..\..\..\..\..\..\..\usr\lib\x86_64-linux-gnu\cmake\ignition-cmake0\cmake0\" />
      </Unit>
      <Unit filename="/home/vez/Desktop/masterarbeit/git/plugins/ActuatorPlugin/../../../../../../../usr/lib/x86_64-linux-gnu/cmake/ignition-cmake0/cmake0/FindCPPZMQ.cmake">
          <Option virtualFolder="CMake Files\..\..\..\..\..\..\..\usr\lib\x86_64-linux-gnu\cmake\ignition-cmake0\cmake0\" />
      </Unit>
      <Unit filename="/home/vez/Desktop/masterarbeit/git/plugins/ActuatorPlugin/../../../../../../../usr/lib/x86_64-linux-gnu/cmake/ignition-cmake0/cmake0/IgnImportTarget.cmake">
          <Option virtualFolder="CMake Files\..\..\..\..\..\..\..\usr\lib\x86_64-linux-gnu\cmake\ignition-cmake0\cmake0\" />
      </Unit>
      <Unit filename="/home/vez/Desktop/masterarbeit/git/plugins/ActuatorPlugin/../../../../../../../usr/lib/x86_64-linux-gnu/cmake/ignition-cmake0/cmake0/FindUUID.cmake">
          <Option virtualFolder="CMake Files\..\..\..\..\..\..\..\usr\lib\x86_64-linux-gnu\cmake\ignition-cmake0\cmake0\" />
      </Unit>
      <Unit filename="/home/vez/Desktop/masterarbeit/git/plugins/ActuatorPlugin/../../../../../../../usr/lib/x86_64-linux-gnu/cmake/ignition-cmake0/cmake0/IgnPkgConfig.cmake">
          <Option virtualFolder="CMake Files\..\..\..\..\..\..\..\usr\lib\x86_64-linux-gnu\cmake\ignition-cmake0\cmake0\" />
      </Unit>
      <Unit filename="/home/vez/Desktop/masterarbeit/git/plugins/ActuatorPlugin/../../../../../../../usr/lib/x86_64-linux-gnu/cmake/ignition-cmake0/cmake0/IgnImportTarget.cmake">
          <Option virtualFolder="CMake Files\..\..\..\..\..\..\..\usr\lib\x86_64-linux-gnu\cmake\ignition-cmake0\cmake0\" />
      </Unit>
      <Unit filename="/home/vez/Desktop/masterarbeit/git/plugins/ActuatorPlugin/../../../../../../../usr/lib/x86_64-linux-gnu/cmake/ignition-cmake0/cmake0/FindTINYXML2.cmake">
          <Option virtualFolder="CMake Files\..\..\..\..\..\..\..\usr\lib\x86_64-linux-gnu\cmake\ignition-cmake0\cmake0\" />
      </Unit>
      <Unit filename="/home/vez/Desktop/masterarbeit/git/plugins/ActuatorPlugin/../../../../../../../usr/lib/x86_64-linux-gnu/cmake/ignition-cmake0/cmake0/IgnPkgConfig.cmake">
          <Option virtualFolder="CMake Files\..\..\..\..\..\..\..\usr\lib\x86_64-linux-gnu\cmake\ignition-cmake0\cmake0\" />
      </Unit>
      <Unit filename="/home/vez/Desktop/masterarbeit/git/plugins/ActuatorPlugin/../../../../../../../usr/lib/x86_64-linux-gnu/cmake/ignition-cmake0/cmake0/IgnImportTarget.cmake">
          <Option virtualFolder="CMake Files\..\..\..\..\..\..\..\usr\lib\x86_64-linux-gnu\cmake\ignition-cmake0\cmake0\" />
      </Unit>
      <Unit filename="/home/vez/Desktop/masterarbeit/git/plugins/ActuatorPlugin/../../../../../../../usr/lib/x86_64-linux-gnu/cmake/ignition-cmake0/cmake0/FindDL.cmake">
          <Option virtualFolder="CMake Files\..\..\..\..\..\..\..\usr\lib\x86_64-linux-gnu\cmake\ignition-cmake0\cmake0\" />
      </Unit>
      <Unit filename="/home/vez/Desktop/masterarbeit/git/plugins/ActuatorPlugin/../../../../../../../usr/lib/x86_64-linux-gnu/cmake/ignition-cmake0/cmake0/IgnImportTarget.cmake">
          <Option virtualFolder="CMake Files\..\..\..\..\..\..\..\usr\lib\x86_64-linux-gnu\cmake\ignition-cmake0\cmake0\" />
      </Unit>
      <Unit filename="/home/vez/Desktop/masterarbeit/git/plugins/ActuatorPlugin/../../../../../../../usr/lib/x86_64-linux-gnu/cmake/ignition-cmake0/cmake0/IgnPkgConfig.cmake">
          <Option virtualFolder="CMake Files\..\..\..\..\..\..\..\usr\lib\x86_64-linux-gnu\cmake\ignition-cmake0\cmake0\" />
      </Unit>
      <Unit filename="/home/vez/Desktop/masterarbeit/git/plugins/ActuatorPlugin/../../../../../../../usr/lib/x86_64-linux-gnu/cmake/ignition-cmake0/cmake0/FindFreeImage.cmake">
          <Option virtualFolder="CMake Files\..\..\..\..\..\..\..\usr\lib\x86_64-linux-gnu\cmake\ignition-cmake0\cmake0\" />
      </Unit>
      <Unit filename="/home/vez/Desktop/masterarbeit/git/plugins/ActuatorPlugin/../../../../../../../usr/lib/x86_64-linux-gnu/cmake/ignition-cmake0/cmake0/IgnPkgConfig.cmake">
          <Option virtualFolder="CMake Files\..\..\..\..\..\..\..\usr\lib\x86_64-linux-gnu\cmake\ignition-cmake0\cmake0\" />
      </Unit>
      <Unit filename="/home/vez/Desktop/masterarbeit/git/plugins/ActuatorPlugin/../../../../../../../usr/lib/x86_64-linux-gnu/cmake/ignition-cmake0/cmake0/IgnImportTarget.cmake">
          <Option virtualFolder="CMake Files\..\..\..\..\..\..\..\usr\lib\x86_64-linux-gnu\cmake\ignition-cmake0\cmake0\" />
      </Unit>
      <Unit filename="/home/vez/Desktop/masterarbeit/git/plugins/ActuatorPlugin/../../../../../../../usr/lib/x86_64-linux-gnu/cmake/ignition-cmake0/cmake0/FindGTS.cmake">
          <Option virtualFolder="CMake Files\..\..\..\..\..\..\..\usr\lib\x86_64-linux-gnu\cmake\ignition-cmake0\cmake0\" />
      </Unit>
      <Unit filename="/home/vez/Desktop/masterarbeit/git/plugins/ActuatorPlugin/../../../../../../../usr/lib/x86_64-linux-gnu/cmake/ignition-cmake0/cmake0/IgnPkgConfig.cmake">
          <Option virtualFolder="CMake Files\..\..\..\..\..\..\..\usr\lib\x86_64-linux-gnu\cmake\ignition-cmake0\cmake0\" />
      </Unit>
      <Unit filename="/home/vez/Desktop/masterarbeit/git/plugins/ActuatorPlugin/../../../../../../../usr/lib/x86_64-linux-gnu/cmake/ignition-cmake0/cmake0/IgnImportTarget.cmake">
          <Option virtualFolder="CMake Files\..\..\..\..\..\..\..\usr\lib\x86_64-linux-gnu\cmake\ignition-cmake0\cmake0\" />
      </Unit>
      <Unit filename="/home/vez/Desktop/masterarbeit/git/plugins/ActuatorPlugin/../../../../../../../usr/lib/x86_64-linux-gnu/cmake/ignition-cmake0/cmake0/FindSWSCALE.cmake">
          <Option virtualFolder="CMake Files\..\..\..\..\..\..\..\usr\lib\x86_64-linux-gnu\cmake\ignition-cmake0\cmake0\" />
      </Unit>
      <Unit filename="/home/vez/Desktop/masterarbeit/git/plugins/ActuatorPlugin/../../../../../../../usr/lib/x86_64-linux-gnu/cmake/ignition-cmake0/cmake0/IgnPkgConfig.cmake">
          <Option virtualFolder="CMake Files\..\..\..\..\..\..\..\usr\lib\x86_64-linux-gnu\cmake\ignition-cmake0\cmake0\" />
      </Unit>
      <Unit filename="/home/vez/Desktop/masterarbeit/git/plugins/ActuatorPlugin/../../../../../../../usr/lib/x86_64-linux-gnu/cmake/ignition-cmake0/cmake0/IgnImportTarget.cmake">
          <Option virtualFolder="CMake Files\..\..\..\..\..\..\..\usr\lib\x86_64-linux-gnu\cmake\ignition-cmake0\cmake0\" />
      </Unit>
      <Unit filename="/home/vez/Desktop/masterarbeit/git/plugins/ActuatorPlugin/../../../../../../../usr/lib/x86_64-linux-gnu/cmake/ignition-cmake0/cmake0/FindAVDEVICE.cmake">
          <Option virtualFolder="CMake Files\..\..\..\..\..\..\..\usr\lib\x86_64-linux-gnu\cmake\ignition-cmake0\cmake0\" />
      </Unit>
      <Unit filename="/home/vez/Desktop/masterarbeit/git/plugins/ActuatorPlugin/../../../../../../../usr/lib/x86_64-linux-gnu/cmake/ignition-cmake0/cmake0/IgnPkgConfig.cmake">
          <Option virtualFolder="CMake Files\..\..\..\..\..\..\..\usr\lib\x86_64-linux-gnu\cmake\ignition-cmake0\cmake0\" />
      </Unit>
      <Unit filename="/home/vez/Desktop/masterarbeit/git/plugins/ActuatorPlugin/../../../../../../../usr/lib/x86_64-linux-gnu/cmake/ignition-cmake0/cmake0/IgnImportTarget.cmake">
          <Option virtualFolder="CMake Files\..\..\..\..\..\..\..\usr\lib\x86_64-linux-gnu\cmake\ignition-cmake0\cmake0\" />
      </Unit>
      <Unit filename="/home/vez/Desktop/masterarbeit/git/plugins/ActuatorPlugin/../../../../../../../usr/lib/x86_64-linux-gnu/cmake/ignition-cmake0/cmake0/FindAVFORMAT.cmake">
          <Option virtualFolder="CMake Files\..\..\..\..\..\..\..\usr\lib\x86_64-linux-gnu\cmake\ignition-cmake0\cmake0\" />
      </Unit>
      <Unit filename="/home/vez/Desktop/masterarbeit/git/plugins/ActuatorPlugin/../../../../../../../usr/lib/x86_64-linux-gnu/cmake/ignition-cmake0/cmake0/IgnPkgConfig.cmake">
          <Option virtualFolder="CMake Files\..\..\..\..\..\..\..\usr\lib\x86_64-linux-gnu\cmake\ignition-cmake0\cmake0\" />
      </Unit>
      <Unit filename="/home/vez/Desktop/masterarbeit/git/plugins/ActuatorPlugin/../../../../../../../usr/lib/x86_64-linux-gnu/cmake/ignition-cmake0/cmake0/IgnImportTarget.cmake">
          <Option virtualFolder="CMake Files\..\..\..\..\..\..\..\usr\lib\x86_64-linux-gnu\cmake\ignition-cmake0\cmake0\" />
      </Unit>
      <Unit filename="/home/vez/Desktop/masterarbeit/git/plugins/ActuatorPlugin/../../../../../../../usr/lib/x86_64-linux-gnu/cmake/ignition-cmake0/cmake0/FindAVCODEC.cmake">
          <Option virtualFolder="CMake Files\..\..\..\..\..\..\..\usr\lib\x86_64-linux-gnu\cmake\ignition-cmake0\cmake0\" />
      </Unit>
      <Unit filename="/home/vez/Desktop/masterarbeit/git/plugins/ActuatorPlugin/../../../../../../../usr/lib/x86_64-linux-gnu/cmake/ignition-cmake0/cmake0/IgnPkgConfig.cmake">
          <Option virtualFolder="CMake Files\..\..\..\..\..\..\..\usr\lib\x86_64-linux-gnu\cmake\ignition-cmake0\cmake0\" />
      </Unit>
      <Unit filename="/home/vez/Desktop/masterarbeit/git/plugins/ActuatorPlugin/../../../../../../../usr/lib/x86_64-linux-gnu/cmake/ignition-cmake0/cmake0/IgnImportTarget.cmake">
          <Option virtualFolder="CMake Files\..\..\..\..\..\..\..\usr\lib\x86_64-linux-gnu\cmake\ignition-cmake0\cmake0\" />
      </Unit>
      <Unit filename="/home/vez/Desktop/masterarbeit/git/plugins/ActuatorPlugin/../../../../../../../usr/lib/x86_64-linux-gnu/cmake/ignition-cmake0/cmake0/FindAVUTIL.cmake">
          <Option virtualFolder="CMake Files\..\..\..\..\..\..\..\usr\lib\x86_64-linux-gnu\cmake\ignition-cmake0\cmake0\" />
      </Unit>
      <Unit filename="/home/vez/Desktop/masterarbeit/git/plugins/ActuatorPlugin/../../../../../../../usr/lib/x86_64-linux-gnu/cmake/ignition-cmake0/cmake0/IgnPkgConfig.cmake">
          <Option virtualFolder="CMake Files\..\..\..\..\..\..\..\usr\lib\x86_64-linux-gnu\cmake\ignition-cmake0\cmake0\" />
      </Unit>
      <Unit filename="/home/vez/Desktop/masterarbeit/git/plugins/ActuatorPlugin/../../../../../../../usr/lib/x86_64-linux-gnu/cmake/ignition-cmake0/cmake0/IgnImportTarget.cmake">
          <Option virtualFolder="CMake Files\..\..\..\..\..\..\..\usr\lib\x86_64-linux-gnu\cmake\ignition-cmake0\cmake0\" />
      </Unit>
      <Unit filename="/home/vez/Desktop/masterarbeit/git/plugins/ActuatorPlugin/../../../../../../../usr/lib/x86_64-linux-gnu/cmake/ignition-cmake0/cmake0/FindIgnCURL.cmake">
          <Option virtualFolder="CMake Files\..\..\..\..\..\..\..\usr\lib\x86_64-linux-gnu\cmake\ignition-cmake0\cmake0\" />
      </Unit>
      <Unit filename="/home/vez/Desktop/masterarbeit/git/plugins/ActuatorPlugin/../../../../../../../usr/lib/x86_64-linux-gnu/cmake/ignition-cmake0/cmake0/IgnImportTarget.cmake">
          <Option virtualFolder="CMake Files\..\..\..\..\..\..\..\usr\lib\x86_64-linux-gnu\cmake\ignition-cmake0\cmake0\" />
      </Unit>
      <Unit filename="/home/vez/Desktop/masterarbeit/git/plugins/ActuatorPlugin/../../../../../../../usr/lib/x86_64-linux-gnu/cmake/ignition-cmake0/cmake0/IgnPkgConfig.cmake">
          <Option virtualFolder="CMake Files\..\..\..\..\..\..\..\usr\lib\x86_64-linux-gnu\cmake\ignition-cmake0\cmake0\" />
      </Unit>
      <Unit filename="/home/vez/Desktop/masterarbeit/git/plugins/ActuatorPlugin/../../../../../../../usr/lib/x86_64-linux-gnu/cmake/ignition-cmake0/cmake0/FindJSONCPP.cmake">
          <Option virtualFolder="CMake Files\..\..\..\..\..\..\..\usr\lib\x86_64-linux-gnu\cmake\ignition-cmake0\cmake0\" />
      </Unit>
      <Unit filename="/home/vez/Desktop/masterarbeit/git/plugins/ActuatorPlugin/../../../../../../../usr/lib/x86_64-linux-gnu/cmake/ignition-cmake0/cmake0/IgnPkgConfig.cmake">
          <Option virtualFolder="CMake Files\..\..\..\..\..\..\..\usr\lib\x86_64-linux-gnu\cmake\ignition-cmake0\cmake0\" />
      </Unit>
      <Unit filename="/home/vez/Desktop/masterarbeit/git/plugins/ActuatorPlugin/../../../../../../../usr/lib/x86_64-linux-gnu/cmake/ignition-cmake0/cmake0/IgnImportTarget.cmake">
          <Option virtualFolder="CMake Files\..\..\..\..\..\..\..\usr\lib\x86_64-linux-gnu\cmake\ignition-cmake0\cmake0\" />
      </Unit>
      <Unit filename="/home/vez/Desktop/masterarbeit/git/plugins/ActuatorPlugin/../../../../../../../usr/lib/x86_64-linux-gnu/cmake/ignition-cmake0/cmake0/FindYAML.cmake">
          <Option virtualFolder="CMake Files\..\..\..\..\..\..\..\usr\lib\x86_64-linux-gnu\cmake\ignition-cmake0\cmake0\" />
      </Unit>
      <Unit filename="/home/vez/Desktop/masterarbeit/git/plugins/ActuatorPlugin/../../../../../../../usr/lib/x86_64-linux-gnu/cmake/ignition-cmake0/cmake0/IgnPkgConfig.cmake">
          <Option virtualFolder="CMake Files\..\..\..\..\..\..\..\usr\lib\x86_64-linux-gnu\cmake\ignition-cmake0\cmake0\" />
      </Unit>
      <Unit filename="/home/vez/Desktop/masterarbeit/git/plugins/ActuatorPlugin/../../../../../../../usr/lib/x86_64-linux-gnu/cmake/ignition-cmake0/cmake0/IgnImportTarget.cmake">
          <Option virtualFolder="CMake Files\..\..\..\..\..\..\..\usr\lib\x86_64-linux-gnu\cmake\ignition-cmake0\cmake0\" />
      </Unit>
      <Unit filename="/home/vez/Desktop/masterarbeit/git/plugins/ActuatorPlugin/../../../../../../../usr/lib/x86_64-linux-gnu/cmake/ignition-cmake0/cmake0/FindZIP.cmake">
          <Option virtualFolder="CMake Files\..\..\..\..\..\..\..\usr\lib\x86_64-linux-gnu\cmake\ignition-cmake0\cmake0\" />
      </Unit>
      <Unit filename="/home/vez/Desktop/masterarbeit/git/plugins/ActuatorPlugin/../../../../../../../usr/lib/x86_64-linux-gnu/cmake/ignition-cmake0/cmake0/IgnPkgConfig.cmake">
          <Option virtualFolder="CMake Files\..\..\..\..\..\..\..\usr\lib\x86_64-linux-gnu\cmake\ignition-cmake0\cmake0\" />
      </Unit>
      <Unit filename="/home/vez/Desktop/masterarbeit/git/plugins/ActuatorPlugin/../../../../../../../usr/lib/x86_64-linux-gnu/cmake/ignition-cmake0/cmake0/IgnImportTarget.cmake">
          <Option virtualFolder="CMake Files\..\..\..\..\..\..\..\usr\lib\x86_64-linux-gnu\cmake\ignition-cmake0\cmake0\" />
      </Unit>
      <Unit filename="/home/vez/Desktop/masterarbeit/git/plugins/ActuatorPlugin/../../../../../../../usr/lib/x86_64-linux-gnu/cmake/ignition-transport4/ignition-transport4-config-version.cmake">
          <Option virtualFolder="CMake Files\..\..\..\..\..\..\..\usr\lib\x86_64-linux-gnu\cmake\ignition-transport4\" />
      </Unit>
      <Unit filename="/home/vez/Desktop/masterarbeit/git/plugins/ActuatorPlugin/../../../../../../../usr/lib/x86_64-linux-gnu/cmake/ignition-transport4/ignition-transport4-config.cmake">
          <Option virtualFolder="CMake Files\..\..\..\..\..\..\..\usr\lib\x86_64-linux-gnu\cmake\ignition-transport4\" />
      </Unit>
      <Unit filename="/home/vez/Desktop/masterarbeit/git/plugins/ActuatorPlugin/../../../../../../../usr/lib/x86_64-linux-gnu/cmake/ignition-transport4/ignition-transport4-targets.cmake">
          <Option virtualFolder="CMake Files\..\..\..\..\..\..\..\usr\lib\x86_64-linux-gnu\cmake\ignition-transport4\" />
      </Unit>
      <Unit filename="/home/vez/Desktop/masterarbeit/git/plugins/ActuatorPlugin/../../../../../../../usr/lib/x86_64-linux-gnu/cmake/ignition-transport4/ignition-transport4-targets-relwithdebinfo.cmake">
          <Option virtualFolder="CMake Files\..\..\..\..\..\..\..\usr\lib\x86_64-linux-gnu\cmake\ignition-transport4\" />
      </Unit>
      <Unit filename="/home/vez/Desktop/masterarbeit/git/plugins/ActuatorPlugin/../../../../../../../usr/lib/x86_64-linux-gnu/cmake/ignition-msgs1/ignition-msgs1-config-version.cmake">
          <Option virtualFolder="CMake Files\..\..\..\..\..\..\..\usr\lib\x86_64-linux-gnu\cmake\ignition-msgs1\" />
      </Unit>
      <Unit filename="/home/vez/Desktop/masterarbeit/git/plugins/ActuatorPlugin/../../../../../../../usr/lib/x86_64-linux-gnu/cmake/ignition-msgs1/ignition-msgs1-config.cmake">
          <Option virtualFolder="CMake Files\..\..\..\..\..\..\..\usr\lib\x86_64-linux-gnu\cmake\ignition-msgs1\" />
      </Unit>
      <Unit filename="/home/vez/Desktop/masterarbeit/git/plugins/ActuatorPlugin/../../../../../../../usr/lib/x86_64-linux-gnu/cmake/ignition-msgs1/ignition-msgs1-targets.cmake">
          <Option virtualFolder="CMake Files\..\..\..\..\..\..\..\usr\lib\x86_64-linux-gnu\cmake\ignition-msgs1\" />
      </Unit>
      <Unit filename="/home/vez/Desktop/masterarbeit/git/plugins/ActuatorPlugin/../../../../../../../usr/lib/x86_64-linux-gnu/cmake/ignition-msgs1/ignition-msgs1-targets-relwithdebinfo.cmake">
          <Option virtualFolder="CMake Files\..\..\..\..\..\..\..\usr\lib\x86_64-linux-gnu\cmake\ignition-msgs1\" />
      </Unit>
      <Unit filename="/home/vez/Desktop/masterarbeit/git/plugins/ActuatorPlugin/../../../../../../../usr/lib/x86_64-linux-gnu/cmake/ignition-msgs1/ignition-msgs1-config-version.cmake">
          <Option virtualFolder="CMake Files\..\..\..\..\..\..\..\usr\lib\x86_64-linux-gnu\cmake\ignition-msgs1\" />
      </Unit>
      <Unit filename="/home/vez/Desktop/masterarbeit/git/plugins/ActuatorPlugin/../../../../../../../usr/lib/x86_64-linux-gnu/cmake/ignition-msgs1/ignition-msgs1-config.cmake">
          <Option virtualFolder="CMake Files\..\..\..\..\..\..\..\usr\lib\x86_64-linux-gnu\cmake\ignition-msgs1\" />
      </Unit>
      <Unit filename="/home/vez/Desktop/masterarbeit/git/plugins/ActuatorPlugin/../../../../../../../usr/lib/x86_64-linux-gnu/cmake/ignition-common1/ignition-common1-config-version.cmake">
          <Option virtualFolder="CMake Files\..\..\..\..\..\..\..\usr\lib\x86_64-linux-gnu\cmake\ignition-common1\" />
      </Unit>
      <Unit filename="/home/vez/Desktop/masterarbeit/git/plugins/ActuatorPlugin/../../../../../../../usr/lib/x86_64-linux-gnu/cmake/ignition-common1/ignition-common1-config.cmake">
          <Option virtualFolder="CMake Files\..\..\..\..\..\..\..\usr\lib\x86_64-linux-gnu\cmake\ignition-common1\" />
      </Unit>
      <Unit filename="/home/vez/Desktop/masterarbeit/git/plugins/ActuatorPlugin/../../../../../../../usr/lib/x86_64-linux-gnu/cmake/ignition-common1/ignition-common1-targets.cmake">
          <Option virtualFolder="CMake Files\..\..\..\..\..\..\..\usr\lib\x86_64-linux-gnu\cmake\ignition-common1\" />
      </Unit>
      <Unit filename="/home/vez/Desktop/masterarbeit/git/plugins/ActuatorPlugin/../../../../../../../usr/lib/x86_64-linux-gnu/cmake/ignition-common1/ignition-common1-targets-relwithdebinfo.cmake">
          <Option virtualFolder="CMake Files\..\..\..\..\..\..\..\usr\lib\x86_64-linux-gnu\cmake\ignition-common1\" />
      </Unit>
      <Unit filename="/home/vez/Desktop/masterarbeit/git/plugins/ActuatorPlugin/../../../../../../../usr/lib/x86_64-linux-gnu/cmake/ignition-fuel_tools1/ignition-fuel_tools1-config-version.cmake">
          <Option virtualFolder="CMake Files\..\..\..\..\..\..\..\usr\lib\x86_64-linux-gnu\cmake\ignition-fuel_tools1\" />
      </Unit>
      <Unit filename="/home/vez/Desktop/masterarbeit/git/plugins/ActuatorPlugin/../../../../../../../usr/lib/x86_64-linux-gnu/cmake/ignition-fuel_tools1/ignition-fuel_tools1-config.cmake">
          <Option virtualFolder="CMake Files\..\..\..\..\..\..\..\usr\lib\x86_64-linux-gnu\cmake\ignition-fuel_tools1\" />
      </Unit>
      <Unit filename="/home/vez/Desktop/masterarbeit/git/plugins/ActuatorPlugin/../../../../../../../usr/lib/x86_64-linux-gnu/cmake/ignition-fuel_tools1/ignition-fuel_tools1-targets.cmake">
          <Option virtualFolder="CMake Files\..\..\..\..\..\..\..\usr\lib\x86_64-linux-gnu\cmake\ignition-fuel_tools1\" />
      </Unit>
      <Unit filename="/home/vez/Desktop/masterarbeit/git/plugins/ActuatorPlugin/../../../../../../../usr/lib/x86_64-linux-gnu/cmake/ignition-fuel_tools1/ignition-fuel_tools1-targets-relwithdebinfo.cmake">
          <Option virtualFolder="CMake Files\..\..\..\..\..\..\..\usr\lib\x86_64-linux-gnu\cmake\ignition-fuel_tools1\" />
      </Unit>
      <Unit filename="/home/vez/Desktop/masterarbeit/git/plugins/ActuatorPlugin/../../../../../../../usr/lib/x86_64-linux-gnu/cmake/jsoncpp/jsoncppConfig.cmake">
          <Option virtualFolder="CMake Files\..\..\..\..\..\..\..\usr\lib\x86_64-linux-gnu\cmake\jsoncpp\" />
      </Unit>
      <Unit filename="/home/vez/Desktop/masterarbeit/git/plugins/ActuatorPlugin/../../../../../../../usr/lib/x86_64-linux-gnu/cmake/jsoncpp/jsoncppConfig-none.cmake">
          <Option virtualFolder="CMake Files\..\..\..\..\..\..\..\usr\lib\x86_64-linux-gnu\cmake\jsoncpp\" />
      </Unit>
      <Unit filename="/home/vez/Desktop/masterarbeit/git/plugins/ActuatorPlugin/../../../../../../../usr/share/OGRE/cmake/modules/FindOGRE.cmake">
          <Option virtualFolder="CMake Files\..\..\..\..\..\..\..\usr\share\OGRE\cmake\modules\" />
      </Unit>
      <Unit filename="/home/vez/Desktop/masterarbeit/git/plugins/ActuatorPlugin/../../../../../../../usr/share/OGRE/cmake/modules/FindPkgMacros.cmake">
          <Option virtualFolder="CMake Files\..\..\..\..\..\..\..\usr\share\OGRE\cmake\modules\" />
      </Unit>
      <Unit filename="/home/vez/Desktop/masterarbeit/git/plugins/ActuatorPlugin/../../../../../../../usr/share/OGRE/cmake/modules/PreprocessorUtils.cmake">
          <Option virtualFolder="CMake Files\..\..\..\..\..\..\..\usr\share\OGRE\cmake\modules\" />
      </Unit>
   </Project>
</CodeBlocks_project_file>
